
Microsoft Visual Studio Solution File, Format Version 12.00
# Visual Studio 2012
Project("{8BC9CEB8-8B4A-11D0-8D11-00A0C91BC942}") = "ModelViewer", "ModelViewer.vcxproj", "{5FA89756-4FAB-4C95-A395-5FECE5888496}"
EndProject
Global
	GlobalSection(SolutionConfigurationPlatforms) = preSolution
		Debug|Win32 = Debug|Win32
		Release|Win32 = Release|Win32
	EndGlobalSection
	GlobalSection(ProjectConfigurationPlatforms) = postSolution
		{5FA89756-4FAB-4C95-A395-5FECE5888496}.Debug|Win32.ActiveCfg = Debug|Win32
		{5FA89756-4FAB-4C95-A395-5FECE5888496}.Debug|Win32.Build.0 = Debug|Win32
		{5FA89756-4FAB-4C95-A395-5FECE5888496}.Release|Win32.ActiveCfg = Release|Win32
		{5FA89756-4FAB-4C95-A395-5FECE5888496}.Release|Win32.Build.0 = Release|Win32
	EndGlobalSection
	GlobalSection(SolutionProperties) = preSolution
		HideSolutionNode = FALSE
	EndGlobalSection
EndGlobal
